
Microsoft Visual Studio Solution File, Format Version 12.00
# Visual Studio Version 17
VisualStudioVersion = 17.3.32929.385
MinimumVisualStudioVersion = 10.0.40219.1
Project("{FAE04EC0-301F-11D3-BF4B-00C04F79EFBC}") = "LCM_HCF_Calculator", "LCM_HCF_Calculator.csproj", "{B53310D4-0F75-4CF6-9FCD-97C8DD7D172E}"
EndProject
Global
	GlobalSection(SolutionConfigurationPlatforms) = preSolution
		Debug|Any CPU = Debug|Any CPU
		Release|Any CPU = Release|Any CPU
	EndGlobalSection
	GlobalSection(ProjectConfigurationPlatforms) = postSolution
		{B53310D4-0F75-4CF6-9FCD-97C8DD7D172E}.Debug|Any CPU.ActiveCfg = Debug|Any CPU
		{B53310D4-0F75-4CF6-9FCD-97C8DD7D172E}.Debug|Any CPU.Build.0 = Debug|Any CPU
		{B53310D4-0F75-4CF6-9FCD-97C8DD7D172E}.Release|Any CPU.ActiveCfg = Release|Any CPU
		{B53310D4-0F75-4CF6-9FCD-97C8DD7D172E}.Release|Any CPU.Build.0 = Release|Any CPU
	EndGlobalSection
	GlobalSection(SolutionProperties) = preSolution
		HideSolutionNode = FALSE
	EndGlobalSection
	GlobalSection(ExtensibilityGlobals) = postSolution
		SolutionGuid = {E79F7CF3-2412-4C00-A4F4-6397DB126201}
	EndGlobalSection
EndGlobal
